
Microsoft Visual Studio Solution File, Format Version 12.00
# Visual Studio Version 17
VisualStudioVersion = 17.12.35506.116 d17.12
MinimumVisualStudioVersion = 10.0.40219.1
Project("{FAE04EC0-301F-11D3-BF4B-00C04F79EFBC}") = "Character", "Character.csproj", "{EDC53CD1-FCCB-4D20-BCA8-73F257400F71}"
EndProject
Global
	GlobalSection(SolutionConfigurationPlatforms) = preSolution
		Debug|Any CPU = Debug|Any CPU
		Release|Any CPU = Release|Any CPU
	EndGlobalSection
	GlobalSection(ProjectConfigurationPlatforms) = postSolution
		{EDC53CD1-FCCB-4D20-BCA8-73F257400F71}.Debug|Any CPU.ActiveCfg = Debug|Any CPU
		{EDC53CD1-FCCB-4D20-BCA8-73F257400F71}.Debug|Any CPU.Build.0 = Debug|Any CPU
		{EDC53CD1-FCCB-4D20-BCA8-73F257400F71}.Release|Any CPU.ActiveCfg = Release|Any CPU
		{EDC53CD1-FCCB-4D20-BCA8-73F257400F71}.Release|Any CPU.Build.0 = Release|Any CPU
	EndGlobalSection
	GlobalSection(SolutionProperties) = preSolution
		HideSolutionNode = FALSE
	EndGlobalSection
EndGlobal
